// !$*UTF8*$!
{
	archiveVersion = 1;
	classes = {
	};
	objectVersion = 50;
	objects = {

/* Begin PBXBuildFile section */
		7B3BC3972178E48400BBE140 /* AppDelegate.swift in Sources */ = {isa = PBXBuildFile; fileRef = 7B3BC3962178E48400BBE140 /* AppDelegate.swift */; };
		7B3BC3992178E48400BBE140 /* ViewController.swift in Sources */ = {isa = PBXBuildFile; fileRef = 7B3BC3982178E48400BBE140 /* ViewController.swift */; };
		7B3BC39C2178E48400BBE140 /* Main.storyboard in Resources */ = {isa = PBXBuildFile; fileRef = 7B3BC39A2178E48400BBE140 /* Main.storyboard */; };
		7B3BC39E2178E48500BBE140 /* Assets.xcassets in Resources */ = {isa = PBXBuildFile; fileRef = 7B3BC39D2178E48500BBE140 /* Assets.xcassets */; };
		7B3BC3A12178E48500BBE140 /* LaunchScreen.storyboard in Resources */ = {isa = PBXBuildFile; fileRef = 7B3BC39F2178E48500BBE140 /* LaunchScreen.storyboard */; };
		7B3BC3AC2178E48500BBE140 /* MTG_SDK_SampleTests.swift in Sources */ = {isa = PBXBuildFile; fileRef = 7B3BC3AB2178E48500BBE140 /* MTG_SDK_SampleTests.swift */; };
		7B3BC3B72178E48500BBE140 /* MTG_SDK_SampleUITests.swift in Sources */ = {isa = PBXBuildFile; fileRef = 7B3BC3B62178E48500BBE140 /* MTG_SDK_SampleUITests.swift */; };
		7B3BC3C6217A35B800BBE140 /* MTGSDKSwift.framework in Frameworks */ = {isa = PBXBuildFile; fileRef = 7B3BC3C5217A35B800BBE140 /* MTGSDKSwift.framework */; };
/* End PBXBuildFile section */

/* Begin PBXContainerItemProxy section */
		7B3BC3A82178E48500BBE140 /* PBXContainerItemProxy */ = {
			isa = PBXContainerItemProxy;
			containerPortal = 7B3BC38B2178E48400BBE140 /* Project object */;
			proxyType = 1;
			remoteGlobalIDString = 7B3BC3922178E48400BBE140;
			remoteInfo = "MTG-SDK-Sample";
		};
		7B3BC3B32178E48500BBE140 /* PBXContainerItemProxy */ = {
			isa = PBXContainerItemProxy;
			containerPortal = 7B3BC38B2178E48400BBE140 /* Project object */;
			proxyType = 1;
			remoteGlobalIDString = 7B3BC3922178E48400BBE140;
			remoteInfo = "MTG-SDK-Sample";
		};
/* End PBXContainerItemProxy section */

/* Begin PBXFileReference section */
		7B3BC3932178E48400BBE140 /* MTG-SDK-Sample.app */ = {isa = PBXFileReference; explicitFileType = wrapper.application; includeInIndex = 0; path = "MTG-SDK-Sample.app"; sourceTree = BUILT_PRODUCTS_DIR; };
		7B3BC3962178E48400BBE140 /* AppDelegate.swift */ = {isa = PBXFileReference; lastKnownFileType = sourcecode.swift; path = AppDelegate.swift; sourceTree = "<group>"; };
		7B3BC3982178E48400BBE140 /* ViewController.swift */ = {isa = PBXFileReference; lastKnownFileType = sourcecode.swift; path = ViewController.swift; sourceTree = "<group>"; };
		7B3BC39B2178E48400BBE140 /* Base */ = {isa = PBXFileReference; lastKnownFileType = file.storyboard; name = Base; path = Base.lproj/Main.storyboard; sourceTree = "<group>"; };
		7B3BC39D2178E48500BBE140 /* Assets.xcassets */ = {isa = PBXFileReference; lastKnownFileType = folder.assetcatalog; path = Assets.xcassets; sourceTree = "<group>"; };
		7B3BC3A02178E48500BBE140 /* Base */ = {isa = PBXFileReference; lastKnownFileType = file.storyboard; name = Base; path = Base.lproj/LaunchScreen.storyboard; sourceTree = "<group>"; };
		7B3BC3A22178E48500BBE140 /* Info.plist */ = {isa = PBXFileReference; lastKnownFileType = text.plist.xml; path = Info.plist; sourceTree = "<group>"; };
		7B3BC3A72178E48500BBE140 /* MTG-SDK-SampleTests.xctest */ = {isa = PBXFileReference; explicitFileType = wrapper.cfbundle; includeInIndex = 0; path = "MTG-SDK-SampleTests.xctest"; sourceTree = BUILT_PRODUCTS_DIR; };
		7B3BC3AB2178E48500BBE140 /* MTG_SDK_SampleTests.swift */ = {isa = PBXFileReference; lastKnownFileType = sourcecode.swift; path = MTG_SDK_SampleTests.swift; sourceTree = "<group>"; };
		7B3BC3AD2178E48500BBE140 /* Info.plist */ = {isa = PBXFileReference; lastKnownFileType = text.plist.xml; path = Info.plist; sourceTree = "<group>"; };
		7B3BC3B22178E48500BBE140 /* MTG-SDK-SampleUITests.xctest */ = {isa = PBXFileReference; explicitFileType = wrapper.cfbundle; includeInIndex = 0; path = "MTG-SDK-SampleUITests.xctest"; sourceTree = BUILT_PRODUCTS_DIR; };
		7B3BC3B62178E48500BBE140 /* MTG_SDK_SampleUITests.swift */ = {isa = PBXFileReference; lastKnownFileType = sourcecode.swift; path = MTG_SDK_SampleUITests.swift; sourceTree = "<group>"; };
		7B3BC3B82178E48500BBE140 /* Info.plist */ = {isa = PBXFileReference; lastKnownFileType = text.plist.xml; path = Info.plist; sourceTree = "<group>"; };
		7B3BC3C5217A35B800BBE140 /* MTGSDKSwift.framework */ = {isa = PBXFileReference; lastKnownFileType = wrapper.framework; name = MTGSDKSwift.framework; path = Carthage/Build/iOS/MTGSDKSwift.framework; sourceTree = "<group>"; };
/* End PBXFileReference section */

/* Begin PBXFrameworksBuildPhase section */
		7B3BC3902178E48400BBE140 /* Frameworks */ = {
			isa = PBXFrameworksBuildPhase;
			buildActionMask = 2147483647;
			files = (
				7B3BC3C6217A35B800BBE140 /* MTGSDKSwift.framework in Frameworks */,
			);
			runOnlyForDeploymentPostprocessing = 0;
		};
		7B3BC3A42178E48500BBE140 /* Frameworks */ = {
			isa = PBXFrameworksBuildPhase;
			buildActionMask = 2147483647;
			files = (
			);
			runOnlyForDeploymentPostprocessing = 0;
		};
		7B3BC3AF2178E48500BBE140 /* Frameworks */ = {
			isa = PBXFrameworksBuildPhase;
			buildActionMask = 2147483647;
			files = (
			);
			runOnlyForDeploymentPostprocessing = 0;
		};
/* End PBXFrameworksBuildPhase section */

/* Begin PBXGroup section */
		7B3BC38A2178E48400BBE140 = {
			isa = PBXGroup;
			children = (
				7B3BC3952178E48400BBE140 /* MTG-SDK-Sample */,
				7B3BC3AA2178E48500BBE140 /* MTG-SDK-SampleTests */,
				7B3BC3B52178E48500BBE140 /* MTG-SDK-SampleUITests */,
				7B3BC3942178E48400BBE140 /* Products */,
				7B3BC3C4217A35B800BBE140 /* Frameworks */,
			);
			sourceTree = "<group>";
		};
		7B3BC3942178E48400BBE140 /* Products */ = {
			isa = PBXGroup;
			children = (
				7B3BC3932178E48400BBE140 /* MTG-SDK-Sample.app */,
				7B3BC3A72178E48500BBE140 /* MTG-SDK-SampleTests.xctest */,
				7B3BC3B22178E48500BBE140 /* MTG-SDK-SampleUITests.xctest */,
			);
			name = Products;
			sourceTree = "<group>";
		};
		7B3BC3952178E48400BBE140 /* MTG-SDK-Sample */ = {
			isa = PBXGroup;
			children = (
				7B3BC3962178E48400BBE140 /* AppDelegate.swift */,
				7B3BC3982178E48400BBE140 /* ViewController.swift */,
				7B3BC39A2178E48400BBE140 /* Main.storyboard */,
				7B3BC39D2178E48500BBE140 /* Assets.xcassets */,
				7B3BC39F2178E48500BBE140 /* LaunchScreen.storyboard */,
				7B3BC3A22178E48500BBE140 /* Info.plist */,
			);
			path = "MTG-SDK-Sample";
			sourceTree = "<group>";
		};
		7B3BC3AA2178E48500BBE140 /* MTG-SDK-SampleTests */ = {
			isa = PBXGroup;
			children = (
				7B3BC3AB2178E48500BBE140 /* MTG_SDK_SampleTests.swift */,
				7B3BC3AD2178E48500BBE140 /* Info.plist */,
			);
			path = "MTG-SDK-SampleTests";
			sourceTree = "<group>";
		};
		7B3BC3B52178E48500BBE140 /* MTG-SDK-SampleUITests */ = {
			isa = PBXGroup;
			children = (
				7B3BC3B62178E48500BBE140 /* MTG_SDK_SampleUITests.swift */,
				7B3BC3B82178E48500BBE140 /* Info.plist */,
			);
			path = "MTG-SDK-SampleUITests";
			sourceTree = "<group>";
		};
		7B3BC3C4217A35B800BBE140 /* Frameworks */ = {
			isa = PBXGroup;
			children = (
				7B3BC3C5217A35B800BBE140 /* MTGSDKSwift.framework */,
			);
			name = Frameworks;
			sourceTree = "<group>";
		};
/* End PBXGroup section */

/* Begin PBXNativeTarget section */
		7B3BC3922178E48400BBE140 /* MTG-SDK-Sample */ = {
			isa = PBXNativeTarget;
			buildConfigurationList = 7B3BC3BB2178E48500BBE140 /* Build configuration list for PBXNativeTarget "MTG-SDK-Sample" */;
			buildPhases = (
				7B3BC38F2178E48400BBE140 /* Sources */,
				7B3BC3902178E48400BBE140 /* Frameworks */,
				7B3BC3912178E48400BBE140 /* Resources */,
				7B3BC3C7217A450600BBE140 /* ShellScript */,
			);
			buildRules = (
			);
			dependencies = (
			);
			name = "MTG-SDK-Sample";
			productName = "MTG-SDK-Sample";
			productReference = 7B3BC3932178E48400BBE140 /* MTG-SDK-Sample.app */;
			productType = "com.apple.product-type.application";
		};
		7B3BC3A62178E48500BBE140 /* MTG-SDK-SampleTests */ = {
			isa = PBXNativeTarget;
			buildConfigurationList = 7B3BC3BE2178E48500BBE140 /* Build configuration list for PBXNativeTarget "MTG-SDK-SampleTests" */;
			buildPhases = (
				7B3BC3A32178E48500BBE140 /* Sources */,
				7B3BC3A42178E48500BBE140 /* Frameworks */,
				7B3BC3A52178E48500BBE140 /* Resources */,
			);
			buildRules = (
			);
			dependencies = (
				7B3BC3A92178E48500BBE140 /* PBXTargetDependency */,
			);
			name = "MTG-SDK-SampleTests";
			productName = "MTG-SDK-SampleTests";
			productReference = 7B3BC3A72178E48500BBE140 /* MTG-SDK-SampleTests.xctest */;
			productType = "com.apple.product-type.bundle.unit-test";
		};
		7B3BC3B12178E48500BBE140 /* MTG-SDK-SampleUITests */ = {
			isa = PBXNativeTarget;
			buildConfigurationList = 7B3BC3C12178E48500BBE140 /* Build configuration list for PBXNativeTarget "MTG-SDK-SampleUITests" */;
			buildPhases = (
				7B3BC3AE2178E48500BBE140 /* Sources */,
				7B3BC3AF2178E48500BBE140 /* Frameworks */,
				7B3BC3B02178E48500BBE140 /* Resources */,
			);
			buildRules = (
			);
			dependencies = (
				7B3BC3B42178E48500BBE140 /* PBXTargetDependency */,
			);
			name = "MTG-SDK-SampleUITests";
			productName = "MTG-SDK-SampleUITests";
			productReference = 7B3BC3B22178E48500BBE140 /* MTG-SDK-SampleUITests.xctest */;
			productType = "com.apple.product-type.bundle.ui-testing";
		};
/* End PBXNativeTarget section */

/* Begin PBXProject section */
		7B3BC38B2178E48400BBE140 /* Project object */ = {
			isa = PBXProject;
			attributes = {
				LastSwiftUpdateCheck = 1000;
				LastUpgradeCheck = 1000;
				ORGANIZATIONNAME = "Yusuke Arai";
				TargetAttributes = {
					7B3BC3922178E48400BBE140 = {
						CreatedOnToolsVersion = 10.0;
					};
					7B3BC3A62178E48500BBE140 = {
						CreatedOnToolsVersion = 10.0;
						TestTargetID = 7B3BC3922178E48400BBE140;
					};
					7B3BC3B12178E48500BBE140 = {
						CreatedOnToolsVersion = 10.0;
						TestTargetID = 7B3BC3922178E48400BBE140;
					};
				};
			};
			buildConfigurationList = 7B3BC38E2178E48400BBE140 /* Build configuration list for PBXProject "MTG-SDK-Sample" */;
			compatibilityVersion = "Xcode 9.3";
			developmentRegion = en;
			hasScannedForEncodings = 0;
			knownRegions = (
				en,
				Base,
			);
			mainGroup = 7B3BC38A2178E48400BBE140;
			productRefGroup = 7B3BC3942178E48400BBE140 /* Products */;
			projectDirPath = "";
			projectRoot = "";
			targets = (
				7B3BC3922178E48400BBE140 /* MTG-SDK-Sample */,
				7B3BC3A62178E48500BBE140 /* MTG-SDK-SampleTests */,
				7B3BC3B12178E48500BBE140 /* MTG-SDK-SampleUITests */,
			);
		};
/* End PBXProject section */

/* Begin PBXResourcesBuildPhase section */
		7B3BC3912178E48400BBE140 /* Resources */ = {
			isa = PBXResourcesBuildPhase;
			buildActionMask = 2147483647;
			files = (
				7B3BC3A12178E48500BBE140 /* LaunchScreen.storyboard in Resources */,
				7B3BC39E2178E48500BBE140 /* Assets.xcassets in Resources */,
				7B3BC39C2178E48400BBE140 /* Main.storyboard in Resources */,
			);
			runOnlyForDeploymentPostprocessing = 0;
		};
		7B3BC3A52178E48500BBE140 /* Resources */ = {
			isa = PBXResourcesBuildPhase;
			buildActionMask = 2147483647;
			files = (
			);
			runOnlyForDeploymentPostprocessing = 0;
		};
		7B3BC3B02178E48500BBE140 /* Resources */ = {
			isa = PBXResourcesBuildPhase;
			buildActionMask = 2147483647;
			files = (
			);
			runOnlyForDeploymentPostprocessing = 0;
		};
/* End PBXResourcesBuildPhase section */

/* Begin PBXShellScriptBuildPhase section */
		7B3BC3C7217A450600BBE140 /* ShellScript */ = {
			isa = PBXShellScriptBuildPhase;
			buildActionMask = 2147483647;
			files = (
			);
			inputFileListPaths = (
			);
			inputPaths = (
				"$(SRCROOT)/Carthage/Build/iOS/MTGSDKSwift.framework",
			);
			outputFileListPaths = (
			);
			outputPaths = (
			);
			runOnlyForDeploymentPostprocessing = 0;
			shellPath = /bin/sh;
			shellScript = "/usr/local/bin/carthage copy-frameworks\n";
		};
/* End PBXShellScriptBuildPhase section */

/* Begin PBXSourcesBuildPhase section */
		7B3BC38F2178E48400BBE140 /* Sources */ = {
			isa = PBXSourcesBuildPhase;
			buildActionMask = 2147483647;
			files = (
				7B3BC3992178E48400BBE140 /* ViewController.swift in Sources */,
				7B3BC3972178E48400BBE140 /* AppDelegate.swift in Sources */,
			);
			runOnlyForDeploymentPostprocessing = 0;
		};
		7B3BC3A32178E48500BBE140 /* Sources */ = {
			isa = PBXSourcesBuildPhase;
			buildActionMask = 2147483647;
			files = (
				7B3BC3AC2178E48500BBE140 /* MTG_SDK_SampleTests.swift in Sources */,
			);
			runOnlyForDeploymentPostprocessing = 0;
		};
		7B3BC3AE2178E48500BBE140 /* Sources */ = {
			isa = PBXSourcesBuildPhase;
			buildActionMask = 2147483647;
			files = (
				7B3BC3B72178E48500BBE140 /* MTG_SDK_SampleUITests.swift in Sources */,
			);
			runOnlyForDeploymentPostprocessing = 0;
		};
/* End PBXSourcesBuildPhase section */

/* Begin PBXTargetDependency section */
		7B3BC3A92178E48500BBE140 /* PBXTargetDependency */ = {
			isa = PBXTargetDependency;
			target = 7B3BC3922178E48400BBE140 /* MTG-SDK-Sample */;
			targetProxy = 7B3BC3A82178E48500BBE140 /* PBXContainerItemProxy */;
		};
		7B3BC3B42178E48500BBE140 /* PBXTargetDependency */ = {
			isa = PBXTargetDependency;
			target = 7B3BC3922178E48400BBE140 /* MTG-SDK-Sample */;
			targetProxy = 7B3BC3B32178E48500BBE140 /* PBXContainerItemProxy */;
		};
/* End PBXTargetDependency section */

/* Begin PBXVariantGroup section */
		7B3BC39A2178E48400BBE140 /* Main.storyboard */ = {
			isa = PBXVariantGroup;
			children = (
				7B3BC39B2178E48400BBE140 /* Base */,
			);
			name = Main.storyboard;
			sourceTree = "<group>";
		};
		7B3BC39F2178E48500BBE140 /* LaunchScreen.storyboard */ = {
			isa = PBXVariantGroup;
			children = (
				7B3BC3A02178E48500BBE140 /* Base */,
			);
			name = LaunchScreen.storyboard;
			sourceTree = "<group>";
		};
/* End PBXVariantGroup section */

/* Begin XCBuildConfiguration section */
		7B3BC3B92178E48500BBE140 /* Debug */ = {
			isa = XCBuildConfiguration;
			buildSettings = {
				ALWAYS_SEARCH_USER_PATHS = NO;
				CLANG_ANALYZER_NONNULL = YES;
				CLANG_ANALYZER_NUMBER_OBJECT_CONVERSION = YES_AGGRESSIVE;
				CLANG_CXX_LANGUAGE_STANDARD = "gnu++14";
				CLANG_CXX_LIBRARY = "libc++";
				CLANG_ENABLE_MODULES = YES;
				CLANG_ENABLE_OBJC_ARC = YES;
				CLANG_ENABLE_OBJC_WEAK = YES;
				CLANG_WARN_BLOCK_CAPTURE_AUTORELEASING = YES;
				CLANG_WARN_BOOL_CONVERSION = YES;
				CLANG_WARN_COMMA = YES;
				CLANG_WARN_CONSTANT_CONVERSION = YES;
				CLANG_WARN_DEPRECATED_OBJC_IMPLEMENTATIONS = YES;
				CLANG_WARN_DIRECT_OBJC_ISA_USAGE = YES_ERROR;
				CLANG_WARN_DOCUMENTATION_COMMENTS = YES;
				CLANG_WARN_EMPTY_BODY = YES;
				CLANG_WARN_ENUM_CONVERSION = YES;
				CLANG_WARN_INFINITE_RECURSION = YES;
				CLANG_WARN_INT_CONVERSION = YES;
				CLANG_WARN_NON_LITERAL_NULL_CONVERSION = YES;
				CLANG_WARN_OBJC_IMPLICIT_RETAIN_SELF = YES;
				CLANG_WARN_OBJC_LITERAL_CONVERSION = YES;
				CLANG_WARN_OBJC_ROOT_CLASS = YES_ERROR;
				CLANG_WARN_RANGE_LOOP_ANALYSIS = YES;
				CLANG_WARN_STRICT_PROTOTYPES = YES;
				CLANG_WARN_SUSPICIOUS_MOVE = YES;
				CLANG_WARN_UNGUARDED_AVAILABILITY = YES_AGGRESSIVE;
				CLANG_WARN_UNREACHABLE_CODE = YES;
				CLANG_WARN__DUPLICATE_METHOD_MATCH = YES;
				CODE_SIGN_IDENTITY = "iPhone Developer";
				COPY_PHASE_STRIP = NO;
				DEBUG_INFORMATION_FORMAT = dwarf;
				ENABLE_STRICT_OBJC_MSGSEND = YES;
				ENABLE_TESTABILITY = YES;
				GCC_C_LANGUAGE_STANDARD = gnu11;
				GCC_DYNAMIC_NO_PIC = NO;
				GCC_NO_COMMON_BLOCKS = YES;
				GCC_OPTIMIZATION_LEVEL = 0;
				GCC_PREPROCESSOR_DEFINITIONS = (
					"DEBUG=1",
					"$(inherited)",
				);
				GCC_WARN_64_TO_32_BIT_CONVERSION = YES;
				GCC_WARN_ABOUT_RETURN_TYPE = YES_ERROR;
				GCC_WARN_UNDECLARED_SELECTOR = YES;
				GCC_WARN_UNINITIALIZED_AUTOS = YES_AGGRESSIVE;
				GCC_WARN_UNUSED_FUNCTION = YES;
				GCC_WARN_UNUSED_VARIABLE = YES;
				IPHONEOS_DEPLOYMENT_TARGET = 12.0;
				MTL_ENABLE_DEBUG_INFO = INCLUDE_SOURCE;
				MTL_FAST_MATH = YES;
				ONLY_ACTIVE_ARCH = YES;
				SDKROOT = iphoneos;
				SWIFT_ACTIVE_COMPILATION_CONDITIONS = DEBUG;
				SWIFT_OPTIMIZATION_LEVEL = "-Onone";
			};
			name = Debug;
		};
		7B3BC3BA2178E48500BBE140 /* Release */ = {
			isa = XCBuildConfiguration;
			buildSettings = {
				ALWAYS_SEARCH_USER_PATHS = NO;
				CLANG_ANALYZER_NONNULL = YES;
				CLANG_ANALYZER_NUMBER_OBJECT_CONVERSION = YES_AGGRESSIVE;
				CLANG_CXX_LANGUAGE_STANDARD = "gnu++14";
				CLANG_CXX_LIBRARY = "libc++";
				CLANG_ENABLE_MODULES = YES;
				CLANG_ENABLE_OBJC_ARC = YES;
				CLANG_ENABLE_OBJC_WEAK = YES;
				CLANG_WARN_BLOCK_CAPTURE_AUTORELEASING = YES;
				CLANG_WARN_BOOL_CONVERSION = YES;
				CLANG_WARN_COMMA = YES;
				CLANG_WARN_CONSTANT_CONVERSION = YES;
				CLANG_WARN_DEPRECATED_OBJC_IMPLEMENTATIONS = YES;
				CLANG_WARN_DIRECT_OBJC_ISA_USAGE = YES_ERROR;
				CLANG_WARN_DOCUMENTATION_COMMENTS = YES;
				CLANG_WARN_EMPTY_BODY = YES;
				CLANG_WARN_ENUM_CONVERSION = YES;
				CLANG_WARN_INFINITE_RECURSION = YES;
				CLANG_WARN_INT_CONVERSION = YES;
				CLANG_WARN_NON_LITERAL_NULL_CONVERSION = YES;
				CLANG_WARN_OBJC_IMPLICIT_RETAIN_SELF = YES;
				CLANG_WARN_OBJC_LITERAL_CONVERSION = YES;
				CLANG_WARN_OBJC_ROOT_CLASS = YES_ERROR;
				CLANG_WARN_RANGE_LOOP_ANALYSIS = YES;
				CLANG_WARN_STRICT_PROTOTYPES = YES;
				CLANG_WARN_SUSPICIOUS_MOVE = YES;
				CLANG_WARN_UNGUARDED_AVAILABILITY = YES_AGGRESSIVE;
				CLANG_WARN_UNREACHABLE_CODE = YES;
				CLANG_WARN__DUPLICATE_METHOD_MATCH = YES;
				CODE_SIGN_IDENTITY = "iPhone Developer";
				COPY_PHASE_STRIP = NO;
				DEBUG_INFORMATION_FORMAT = "dwarf-with-dsym";
				ENABLE_NS_ASSERTIONS = NO;
				ENABLE_STRICT_OBJC_MSGSEND = YES;
				GCC_C_LANGUAGE_STANDARD = gnu11;
				GCC_NO_COMMON_BLOCKS = YES;
				GCC_WARN_64_TO_32_BIT_CONVERSION = YES;
				GCC_WARN_ABOUT_RETURN_TYPE = YES_ERROR;
				GCC_WARN_UNDECLARED_SELECTOR = YES;
				GCC_WARN_UNINITIALIZED_AUTOS = YES_AGGRESSIVE;
				GCC_WARN_UNUSED_FUNCTION = YES;
				GCC_WARN_UNUSED_VARIABLE = YES;
				IPHONEOS_DEPLOYMENT_TARGET = 12.0;
				MTL_ENABLE_DEBUG_INFO = NO;
				MTL_FAST_MATH = YES;
				SDKROOT = iphoneos;
				SWIFT_COMPILATION_MODE = wholemodule;
				SWIFT_OPTIMIZATION_LEVEL = "-O";
				VALIDATE_PRODUCT = YES;
			};
			name = Release;
		};
		7B3BC3BC2178E48500BBE140 /* Debug */ = {
			isa = XCBuildConfiguration;
			buildSettings = {
				ASSETCATALOG_COMPILER_APPICON_NAME = AppIcon;
				CODE_SIGN_STYLE = Automatic;
				DEVELOPMENT_TEAM = SH8DN25MCG;
				FRAMEWORK_SEARCH_PATHS = (
					"$(inherited)",
					"$(PROJECT_DIR)/Carthage/Build/iOS",
				);
				INFOPLIST_FILE = "MTG-SDK-Sample/Info.plist";
				LD_RUNPATH_SEARCH_PATHS = (
					"$(inherited)",
					"@executable_path/Frameworks",
				);
				PRODUCT_BUNDLE_IDENTIFIER = "aralab.MTG-SDK-Sample";
				PRODUCT_NAME = "$(TARGET_NAME)";
				SWIFT_VERSION = 4.2;
				TARGETED_DEVICE_FAMILY = "1,2";
			};
			name = Debug;
		};
		7B3BC3BD2178E48500BBE140 /* Release */ = {
			isa = XCBuildConfiguration;
			buildSettings = {
				ASSETCATALOG_COMPILER_APPICON_NAME = AppIcon;
				CODE_SIGN_STYLE = Automatic;
				DEVELOPMENT_TEAM = SH8DN25MCG;
				FRAMEWORK_SEARCH_PATHS = (
					"$(inherited)",
					"$(PROJECT_DIR)/Carthage/Build/iOS",
				);
				INFOPLIST_FILE = "MTG-SDK-Sample/Info.plist";
				LD_RUNPATH_SEARCH_PATHS = (
					"$(inherited)",
					"@executable_path/Frameworks",
				);
				PRODUCT_BUNDLE_IDENTIFIER = "aralab.MTG-SDK-Sample";
				PRODUCT_NAME = "$(TARGET_NAME)";
				SWIFT_VERSION = 4.2;
				TARGETED_DEVICE_FAMILY = "1,2";
			};
			name = Release;
		};
		7B3BC3BF2178E48500BBE140 /* Debug */ = {
			isa = XCBuildConfiguration;
			buildSettings = {
				ALWAYS_EMBED_SWIFT_STANDARD_LIBRARIES = YES;
				BUNDLE_LOADER = "$(TEST_HOST)";
				CODE_SIGN_STYLE = Automatic;
				DEVELOPMENT_TEAM = SH8DN25MCG;
				INFOPLIST_FILE = "MTG-SDK-SampleTests/Info.plist";
				LD_RUNPATH_SEARCH_PATHS = (
					"$(inherited)",
					"@executable_path/Frameworks",
					"@loader_path/Frameworks",
				);
				PRODUCT_BUNDLE_IDENTIFIER = "aralab.MTG-SDK-SampleTests";
				PRODUCT_NAME = "$(TARGET_NAME)";
				SWIFT_VERSION = 4.2;
				TARGETED_DEVICE_FAMILY = "1,2";
				TEST_HOST = "$(BUILT_PRODUCTS_DIR)/MTG-SDK-Sample.app/MTG-SDK-Sample";
			};
			name = Debug;
		};
		7B3BC3C02178E48500BBE140 /* Release */ = {
			isa = XCBuildConfiguration;
			buildSettings = {
				ALWAYS_EMBED_SWIFT_STANDARD_LIBRARIES = YES;
				BUNDLE_LOADER = "$(TEST_HOST)";
				CODE_SIGN_STYLE = Automatic;
				DEVELOPMENT_TEAM = SH8DN25MCG;
				INFOPLIST_FILE = "MTG-SDK-SampleTests/Info.plist";
				LD_RUNPATH_SEARCH_PATHS = (
					"$(inherited)",
					"@executable_path/Frameworks",
					"@loader_path/Frameworks",
				);
				PRODUCT_BUNDLE_IDENTIFIER = "aralab.MTG-SDK-SampleTests";
				PRODUCT_NAME = "$(TARGET_NAME)";
				SWIFT_VERSION = 4.2;
				TARGETED_DEVICE_FAMILY = "1,2";
				TEST_HOST = "$(BUILT_PRODUCTS_DIR)/MTG-SDK-Sample.app/MTG-SDK-Sample";
			};
			name = Release;
		};
		7B3BC3C22178E48500BBE140 /* Debug */ = {
			isa = XCBuildConfiguration;
			buildSettings = {
				ALWAYS_EMBED_SWIFT_STANDARD_LIBRARIES = YES;
				CODE_SIGN_STYLE = Automatic;
				DEVELOPMENT_TEAM = SH8DN25MCG;
				INFOPLIST_FILE = "MTG-SDK-SampleUITests/Info.plist";
				LD_RUNPATH_SEARCH_PATHS = (
					"$(inherited)",
					"@executable_path/Frameworks",
					"@loader_path/Frameworks",
				);
				PRODUCT_BUNDLE_IDENTIFIER = "aralab.MTG-SDK-SampleUITests";
				PRODUCT_NAME = "$(TARGET_NAME)";
				SWIFT_VERSION = 4.2;
				TARGETED_DEVICE_FAMILY = "1,2";
				TEST_TARGET_NAME = "MTG-SDK-Sample";
			};
			name = Debug;
		};
		7B3BC3C32178E48500BBE140 /* Release */ = {
			isa = XCBuildConfiguration;
			buildSettings = {
				ALWAYS_EMBED_SWIFT_STANDARD_LIBRARIES = YES;
				CODE_SIGN_STYLE = Automatic;
				DEVELOPMENT_TEAM = SH8DN25MCG;
				INFOPLIST_FILE = "MTG-SDK-SampleUITests/Info.plist";
				LD_RUNPATH_SEARCH_PATHS = (
					"$(inherited)",
					"@executable_path/Frameworks",
					"@loader_path/Frameworks",
				);
				PRODUCT_BUNDLE_IDENTIFIER = "aralab.MTG-SDK-SampleUITests";
				PRODUCT_NAME = "$(TARGET_NAME)";
				SWIFT_VERSION = 4.2;
				TARGETED_DEVICE_FAMILY = "1,2";
				TEST_TARGET_NAME = "MTG-SDK-Sample";
			};
			name = Release;
		};
/* End XCBuildConfiguration section */

/* Begin XCConfigurationList section */
		7B3BC38E2178E48400BBE140 /* Build configuration list for PBXProject "MTG-SDK-Sample" */ = {
			isa = XCConfigurationList;
			buildConfigurations = (
				7B3BC3B92178E48500BBE140 /* Debug */,
				7B3BC3BA2178E48500BBE140 /* Release */,
			);
			defaultConfigurationIsVisible = 0;
			defaultConfigurationName = Release;
		};
		7B3BC3BB2178E48500BBE140 /* Build configuration list for PBXNativeTarget "MTG-SDK-Sample" */ = {
			isa = XCConfigurationList;
			buildConfigurations = (
				7B3BC3BC2178E48500BBE140 /* Debug */,
				7B3BC3BD2178E48500BBE140 /* Release */,
			);
			defaultConfigurationIsVisible = 0;
			defaultConfigurationName = Release;
		};
		7B3BC3BE2178E48500BBE140 /* Build configuration list for PBXNativeTarget "MTG-SDK-SampleTests" */ = {
			isa = XCConfigurationList;
			buildConfigurations = (
				7B3BC3BF2178E48500BBE140 /* Debug */,
				7B3BC3C02178E48500BBE140 /* Release */,
			);
			defaultConfigurationIsVisible = 0;
			defaultConfigurationName = Release;
		};
		7B3BC3C12178E48500BBE140 /* Build configuration list for PBXNativeTarget "MTG-SDK-SampleUITests" */ = {
			isa = XCConfigurationList;
			buildConfigurations = (
				7B3BC3C22178E48500BBE140 /* Debug */,
				7B3BC3C32178E48500BBE140 /* Release */,
			);
			defaultConfigurationIsVisible = 0;
			defaultConfigurationName = Release;
		};
/* End XCConfigurationList section */
	};
	rootObject = 7B3BC38B2178E48400BBE140 /* Project object */;
}
